Microsoft Visual Studio Solution File, Format Version 12.00
Project("{FAE04EC0-301F-11D3-BF4B-00C04F79EFBC}") = "Regula.FaceRecognition.NetCoreExample", "Regula.FaceRecognition.NetCoreExample\Regula.FaceRecognition.NetCoreExample.csproj", "{3C376A3D-696B-468A-A7A7-E83F05534F28}"
EndProject
Project("{FAE04EC0-301F-11D3-BF4B-00C04F79EFBC}") = "Regula.FaceRecognition.WebClient", "Regula.FaceRecognition.WebClient\Regula.FaceRecognition.WebClient.csproj", "{60385E22-A206-44F7-9ED4-D735E99589EE}"
EndProject
Global
	GlobalSection(SolutionConfigurationPlatforms) = preSolution
		Debug|Any CPU = Debug|Any CPU
		Release|Any CPU = Release|Any CPU
	EndGlobalSection
	GlobalSection(ProjectConfigurationPlatforms) = postSolution
		{3C376A3D-696B-468A-A7A7-E83F05534F28}.Debug|Any CPU.ActiveCfg = Debug|Any CPU
		{3C376A3D-696B-468A-A7A7-E83F05534F28}.Debug|Any CPU.Build.0 = Debug|Any CPU
		{3C376A3D-696B-468A-A7A7-E83F05534F28}.Release|Any CPU.ActiveCfg = Release|Any CPU
		{3C376A3D-696B-468A-A7A7-E83F05534F28}.Release|Any CPU.Build.0 = Release|Any CPU
		{60385E22-A206-44F7-9ED4-D735E99589EE}.Debug|Any CPU.ActiveCfg = Debug|Any CPU
		{60385E22-A206-44F7-9ED4-D735E99589EE}.Debug|Any CPU.Build.0 = Debug|Any CPU
		{60385E22-A206-44F7-9ED4-D735E99589EE}.Release|Any CPU.ActiveCfg = Release|Any CPU
		{60385E22-A206-44F7-9ED4-D735E99589EE}.Release|Any CPU.Build.0 = Release|Any CPU
	EndGlobalSection
EndGlobal
